// !$*UTF8*$!
{
	archiveVersion = 1;
	classes = {
	};
	objectVersion = 46;
	objects = {

/* Begin PBXBuildFile section */
		A978FD001F05441700DFF3FE /* Twitter.framework in Frameworks */ = {isa = PBXBuildFile; fileRef = A978FCFF1F05441700DFF3FE /* Twitter.framework */; };
		A978FD011F05441700DFF3FE /* Twitter.framework in Embed Frameworks */ = {isa = PBXBuildFile; fileRef = A978FCFF1F05441700DFF3FE /* Twitter.framework */; settings = {ATTRIBUTES = (CodeSignOnCopy, RemoveHeadersOnCopy, ); }; };
		A978FD041F0557C500DFF3FE /* TweetTableViewCell.swift in Sources */ = {isa = PBXBuildFile; fileRef = A978FD031F0557C500DFF3FE /* TweetTableViewCell.swift */; };
		A9A7B6E11F045E3E00F97346 /* AppDelegate.swift in Sources */ = {isa = PBXBuildFile; fileRef = A9A7B6E01F045E3E00F97346 /* AppDelegate.swift */; };
		A9A7B6E61F045E3E00F97346 /* Main.storyboard in Resources */ = {isa = PBXBuildFile; fileRef = A9A7B6E41F045E3E00F97346 /* Main.storyboard */; };
		A9A7B6E81F045E3E00F97346 /* Assets.xcassets in Resources */ = {isa = PBXBuildFile; fileRef = A9A7B6E71F045E3E00F97346 /* Assets.xcassets */; };
		A9A7B6EB1F045E3E00F97346 /* LaunchScreen.storyboard in Resources */ = {isa = PBXBuildFile; fileRef = A9A7B6E91F045E3E00F97346 /* LaunchScreen.storyboard */; };
		A9A7B6F41F045EA800F97346 /* TweetTableViewController.swift in Sources */ = {isa = PBXBuildFile; fileRef = A9A7B6F31F045EA800F97346 /* TweetTableViewController.swift */; };
/* End PBXBuildFile section */

/* Begin PBXCopyFilesBuildPhase section */
		A978FD021F05441700DFF3FE /* Embed Frameworks */ = {
			isa = PBXCopyFilesBuildPhase;
			buildActionMask = 2147483647;
			dstPath = "";
			dstSubfolderSpec = 10;
			files = (
				A978FD011F05441700DFF3FE /* Twitter.framework in Embed Frameworks */,
			);
			name = "Embed Frameworks";
			runOnlyForDeploymentPostprocessing = 0;
		};
/* End PBXCopyFilesBuildPhase section */

/* Begin PBXFileReference section */
		A978FCFF1F05441700DFF3FE /* Twitter.framework */ = {isa = PBXFileReference; explicitFileType = wrapper.framework; path = Twitter.framework; sourceTree = BUILT_PRODUCTS_DIR; };
		A978FD031F0557C500DFF3FE /* TweetTableViewCell.swift */ = {isa = PBXFileReference; fileEncoding = 4; lastKnownFileType = sourcecode.swift; path = TweetTableViewCell.swift; sourceTree = "<group>"; };
		A9A7B6DD1F045E3E00F97346 /* Smashtag.app */ = {isa = PBXFileReference; explicitFileType = wrapper.application; includeInIndex = 0; path = Smashtag.app; sourceTree = BUILT_PRODUCTS_DIR; };
		A9A7B6E01F045E3E00F97346 /* AppDelegate.swift */ = {isa = PBXFileReference; lastKnownFileType = sourcecode.swift; path = AppDelegate.swift; sourceTree = "<group>"; };
		A9A7B6E51F045E3E00F97346 /* Base */ = {isa = PBXFileReference; lastKnownFileType = file.storyboard; name = Base; path = Base.lproj/Main.storyboard; sourceTree = "<group>"; };
		A9A7B6E71F045E3E00F97346 /* Assets.xcassets */ = {isa = PBXFileReference; lastKnownFileType = folder.assetcatalog; path = Assets.xcassets; sourceTree = "<group>"; };
		A9A7B6EA1F045E3E00F97346 /* Base */ = {isa = PBXFileReference; lastKnownFileType = file.storyboard; name = Base; path = Base.lproj/LaunchScreen.storyboard; sourceTree = "<group>"; };
		A9A7B6EC1F045E3E00F97346 /* Info.plist */ = {isa = PBXFileReference; lastKnownFileType = text.plist.xml; path = Info.plist; sourceTree = "<group>"; };
		A9A7B6F31F045EA800F97346 /* TweetTableViewController.swift */ = {isa = PBXFileReference; fileEncoding = 4; lastKnownFileType = sourcecode.swift; path = TweetTableViewController.swift; sourceTree = "<group>"; };
/* End PBXFileReference section */

/* Begin PBXFrameworksBuildPhase section */
		A9A7B6DA1F045E3E00F97346 /* Frameworks */ = {
			isa = PBXFrameworksBuildPhase;
			buildActionMask = 2147483647;
			files = (
				A978FD001F05441700DFF3FE /* Twitter.framework in Frameworks */,
			);
			runOnlyForDeploymentPostprocessing = 0;
		};
/* End PBXFrameworksBuildPhase section */

/* Begin PBXGroup section */
		A9A7B6D41F045E3E00F97346 = {
			isa = PBXGroup;
			children = (
				A978FCFF1F05441700DFF3FE /* Twitter.framework */,
				A9A7B6DF1F045E3E00F97346 /* Smashtag */,
				A9A7B6DE1F045E3E00F97346 /* Products */,
			);
			sourceTree = "<group>";
		};
		A9A7B6DE1F045E3E00F97346 /* Products */ = {
			isa = PBXGroup;
			children = (
				A9A7B6DD1F045E3E00F97346 /* Smashtag.app */,
			);
			name = Products;
			sourceTree = "<group>";
		};
		A9A7B6DF1F045E3E00F97346 /* Smashtag */ = {
			isa = PBXGroup;
			children = (
				A9A7B6F21F045E6A00F97346 /* Supoorting Files */,
				A9A7B6E41F045E3E00F97346 /* Main.storyboard */,
				A9A7B6F31F045EA800F97346 /* TweetTableViewController.swift */,
				A9A7B6E71F045E3E00F97346 /* Assets.xcassets */,
				A978FD031F0557C500DFF3FE /* TweetTableViewCell.swift */,
			);
			path = Smashtag;
			sourceTree = "<group>";
		};
		A9A7B6F21F045E6A00F97346 /* Supoorting Files */ = {
			isa = PBXGroup;
			children = (
				A9A7B6E01F045E3E00F97346 /* AppDelegate.swift */,
				A9A7B6E91F045E3E00F97346 /* LaunchScreen.storyboard */,
				A9A7B6EC1F045E3E00F97346 /* Info.plist */,
			);
			name = "Supoorting Files";
			sourceTree = "<group>";
		};
/* End PBXGroup section */

/* Begin PBXNativeTarget section */
		A9A7B6DC1F045E3E00F97346 /* Smashtag */ = {
			isa = PBXNativeTarget;
			buildConfigurationList = A9A7B6EF1F045E3E00F97346 /* Build configuration list for PBXNativeTarget "Smashtag" */;
			buildPhases = (
				A9A7B6D91F045E3E00F97346 /* Sources */,
				A9A7B6DA1F045E3E00F97346 /* Frameworks */,
				A9A7B6DB1F045E3E00F97346 /* Resources */,
				A978FD021F05441700DFF3FE /* Embed Frameworks */,
			);
			buildRules = (
			);
			dependencies = (
			);
			name = Smashtag;
			productName = Smashtag;
			productReference = A9A7B6DD1F045E3E00F97346 /* Smashtag.app */;
			productType = "com.apple.product-type.application";
		};
/* End PBXNativeTarget section */

/* Begin PBXProject section */
		A9A7B6D51F045E3E00F97346 /* Project object */ = {
			isa = PBXProject;
			attributes = {
				LastSwiftUpdateCheck = 0830;
				LastUpgradeCheck = 0830;
				ORGANIZATIONNAME = "何品泰高";
				TargetAttributes = {
					A9A7B6DC1F045E3E00F97346 = {
						CreatedOnToolsVersion = 8.3.3;
						DevelopmentTeam = 7XS9A566P6;
						ProvisioningStyle = Automatic;
					};
				};
			};
			buildConfigurationList = A9A7B6D81F045E3E00F97346 /* Build configuration list for PBXProject "Smashtag" */;
			compatibilityVersion = "Xcode 3.2";
			developmentRegion = English;
			hasScannedForEncodings = 0;
			knownRegions = (
				en,
				Base,
			);
			mainGroup = A9A7B6D41F045E3E00F97346;
			productRefGroup = A9A7B6DE1F045E3E00F97346 /* Products */;
			projectDirPath = "";
			projectRoot = "";
			targets = (
				A9A7B6DC1F045E3E00F97346 /* Smashtag */,
			);
		};
/* End PBXProject section */

/* Begin PBXResourcesBuildPhase section */
		A9A7B6DB1F045E3E00F97346 /* Resources */ = {
			isa = PBXResourcesBuildPhase;
			buildActionMask = 2147483647;
			files = (
				A9A7B6EB1F045E3E00F97346 /* LaunchScreen.storyboard in Resources */,
				A9A7B6E81F045E3E00F97346 /* Assets.xcassets in Resources */,
				A9A7B6E61F045E3E00F97346 /* Main.storyboard in Resources */,
			);
			runOnlyForDeploymentPostprocessing = 0;
		};
/* End PBXResourcesBuildPhase section */

/* Begin PBXSourcesBuildPhase section */
		A9A7B6D91F045E3E00F97346 /* Sources */ = {
			isa = PBXSourcesBuildPhase;
			buildActionMask = 2147483647;
			files = (
				A9A7B6E11F045E3E00F97346 /* AppDelegate.swift in Sources */,
				A9A7B6F41F045EA800F97346 /* TweetTableViewController.swift in Sources */,
				A978FD041F0557C500DFF3FE /* TweetTableViewCell.swift in Sources */,
			);
			runOnlyForDeploymentPostprocessing = 0;
		};
/* End PBXSourcesBuildPhase section */

/* Begin PBXVariantGroup section */
		A9A7B6E41F045E3E00F97346 /* Main.storyboard */ = {
			isa = PBXVariantGroup;
			children = (
				A9A7B6E51F045E3E00F97346 /* Base */,
			);
			name = Main.storyboard;
			sourceTree = "<group>";
		};
		A9A7B6E91F045E3E00F97346 /* LaunchScreen.storyboard */ = {
			isa = PBXVariantGroup;
			children = (
				A9A7B6EA1F045E3E00F97346 /* Base */,
			);
			name = LaunchScreen.storyboard;
			sourceTree = "<group>";
		};
/* End PBXVariantGroup section */

/* Begin XCBuildConfiguration section */
		A9A7B6ED1F045E3E00F97346 /* Debug */ = {
			isa = XCBuildConfiguration;
			buildSettings = {
				ALWAYS_SEARCH_USER_PATHS = NO;
				CLANG_ANALYZER_NONNULL = YES;
				CLANG_ANALYZER_NUMBER_OBJECT_CONVERSION = YES_AGGRESSIVE;
				CLANG_CXX_LANGUAGE_STANDARD = "gnu++0x";
				CLANG_CXX_LIBRARY = "libc++";
				CLANG_ENABLE_MODULES = YES;
				CLANG_ENABLE_OBJC_ARC = YES;
				CLANG_WARN_BOOL_CONVERSION = YES;
				CLANG_WARN_CONSTANT_CONVERSION = YES;
				CLANG_WARN_DIRECT_OBJC_ISA_USAGE = YES_ERROR;
				CLANG_WARN_DOCUMENTATION_COMMENTS = YES;
				CLANG_WARN_EMPTY_BODY = YES;
				CLANG_WARN_ENUM_CONVERSION = YES;
				CLANG_WARN_INFINITE_RECURSION = YES;
				CLANG_WARN_INT_CONVERSION = YES;
				CLANG_WARN_OBJC_ROOT_CLASS = YES_ERROR;
				CLANG_WARN_SUSPICIOUS_MOVE = YES;
				CLANG_WARN_UNREACHABLE_CODE = YES;
				CLANG_WARN__DUPLICATE_METHOD_MATCH = YES;
				"CODE_SIGN_IDENTITY[sdk=iphoneos*]" = "iPhone Developer";
				COPY_PHASE_STRIP = NO;
				DEBUG_INFORMATION_FORMAT = dwarf;
				ENABLE_STRICT_OBJC_MSGSEND = YES;
				ENABLE_TESTABILITY = YES;
				GCC_C_LANGUAGE_STANDARD = gnu99;
				GCC_DYNAMIC_NO_PIC = NO;
				GCC_NO_COMMON_BLOCKS = YES;
				GCC_OPTIMIZATION_LEVEL = 0;
				GCC_PREPROCESSOR_DEFINITIONS = (
					"DEBUG=1",
					"$(inherited)",
				);
				GCC_WARN_64_TO_32_BIT_CONVERSION = YES;
				GCC_WARN_ABOUT_RETURN_TYPE = YES_ERROR;
				GCC_WARN_UNDECLARED_SELECTOR = YES;
				GCC_WARN_UNINITIALIZED_AUTOS = YES_AGGRESSIVE;
				GCC_WARN_UNUSED_FUNCTION = YES;
				GCC_WARN_UNUSED_VARIABLE = YES;
				IPHONEOS_DEPLOYMENT_TARGET = 10.3;
				MTL_ENABLE_DEBUG_INFO = YES;
				ONLY_ACTIVE_ARCH = YES;
				SDKROOT = iphoneos;
				SWIFT_ACTIVE_COMPILATION_CONDITIONS = DEBUG;
				SWIFT_OPTIMIZATION_LEVEL = "-Onone";
			};
			name = Debug;
		};
		A9A7B6EE1F045E3E00F97346 /* Release */ = {
			isa = XCBuildConfiguration;
			buildSettings = {
				ALWAYS_SEARCH_USER_PATHS = NO;
				CLANG_ANALYZER_NONNULL = YES;
				CLANG_ANALYZER_NUMBER_OBJECT_CONVERSION = YES_AGGRESSIVE;
				CLANG_CXX_LANGUAGE_STANDARD = "gnu++0x";
				CLANG_CXX_LIBRARY = "libc++";
				CLANG_ENABLE_MODULES = YES;
				CLANG_ENABLE_OBJC_ARC = YES;
				CLANG_WARN_BOOL_CONVERSION = YES;
				CLANG_WARN_CONSTANT_CONVERSION = YES;
				CLANG_WARN_DIRECT_OBJC_ISA_USAGE = YES_ERROR;
				CLANG_WARN_DOCUMENTATION_COMMENTS = YES;
				CLANG_WARN_EMPTY_BODY = YES;
				CLANG_WARN_ENUM_CONVERSION = YES;
				CLANG_WARN_INFINITE_RECURSION = YES;
				CLANG_WARN_INT_CONVERSION = YES;
				CLANG_WARN_OBJC_ROOT_CLASS = YES_ERROR;
				CLANG_WARN_SUSPICIOUS_MOVE = YES;
				CLANG_WARN_UNREACHABLE_CODE = YES;
				CLANG_WARN__DUPLICATE_METHOD_MATCH = YES;
				"CODE_SIGN_IDENTITY[sdk=iphoneos*]" = "iPhone Developer";
				COPY_PHASE_STRIP = NO;
				DEBUG_INFORMATION_FORMAT = "dwarf-with-dsym";
				ENABLE_NS_ASSERTIONS = NO;
				ENABLE_STRICT_OBJC_MSGSEND = YES;
				GCC_C_LANGUAGE_STANDARD = gnu99;
				GCC_NO_COMMON_BLOCKS = YES;
				GCC_WARN_64_TO_32_BIT_CONVERSION = YES;
				GCC_WARN_ABOUT_RETURN_TYPE = YES_ERROR;
				GCC_WARN_UNDECLARED_SELECTOR = YES;
				GCC_WARN_UNINITIALIZED_AUTOS = YES_AGGRESSIVE;
				GCC_WARN_UNUSED_FUNCTION = YES;
				GCC_WARN_UNUSED_VARIABLE = YES;
				IPHONEOS_DEPLOYMENT_TARGET = 10.3;
				MTL_ENABLE_DEBUG_INFO = NO;
				SDKROOT = iphoneos;
				SWIFT_OPTIMIZATION_LEVEL = "-Owholemodule";
				VALIDATE_PRODUCT = YES;
			};
			name = Release;
		};
		A9A7B6F01F045E3E00F97346 /* Debug */ = {
			isa = XCBuildConfiguration;
			buildSettings = {
				ASSETCATALOG_COMPILER_APPICON_NAME = AppIcon;
				DEVELOPMENT_TEAM = 7XS9A566P6;
				INFOPLIST_FILE = Smashtag/Info.plist;
				LD_RUNPATH_SEARCH_PATHS = "$(inherited) @executable_path/Frameworks";
				PRODUCT_BUNDLE_IDENTIFIER = edu.stevens.10414806.Smashtag;
				PRODUCT_NAME = "$(TARGET_NAME)";
				SWIFT_VERSION = 3.0;
			};
			name = Debug;
		};
		A9A7B6F11F045E3E00F97346 /* Release */ = {
			isa = XCBuildConfiguration;
			buildSettings = {
				ASSETCATALOG_COMPILER_APPICON_NAME = AppIcon;
				DEVELOPMENT_TEAM = 7XS9A566P6;
				INFOPLIST_FILE = Smashtag/Info.plist;
				LD_RUNPATH_SEARCH_PATHS = "$(inherited) @executable_path/Frameworks";
				PRODUCT_BUNDLE_IDENTIFIER = edu.stevens.10414806.Smashtag;
				PRODUCT_NAME = "$(TARGET_NAME)";
				SWIFT_VERSION = 3.0;
			};
			name = Release;
		};
/* End XCBuildConfiguration section */

/* Begin XCConfigurationList section */
		A9A7B6D81F045E3E00F97346 /* Build configuration list for PBXProject "Smashtag" */ = {
			isa = XCConfigurationList;
			buildConfigurations = (
				A9A7B6ED1F045E3E00F97346 /* Debug */,
				A9A7B6EE1F045E3E00F97346 /* Release */,
			);
			defaultConfigurationIsVisible = 0;
			defaultConfigurationName = Release;
		};
		A9A7B6EF1F045E3E00F97346 /* Build configuration list for PBXNativeTarget "Smashtag" */ = {
			isa = XCConfigurationList;
			buildConfigurations = (
				A9A7B6F01F045E3E00F97346 /* Debug */,
				A9A7B6F11F045E3E00F97346 /* Release */,
			);
			defaultConfigurationIsVisible = 0;
			defaultConfigurationName = Release;
		};
/* End XCConfigurationList section */
	};
	rootObject = A9A7B6D51F045E3E00F97346 /* Project object */;
}
